
Microsoft Visual Studio Solution File, Format Version 12.00
# Visual Studio 15
VisualStudioVersion = 15.0.27428.2043
MinimumVisualStudioVersion = 10.0.40219.1
Project("{FAE04EC0-301F-11D3-BF4B-00C04F79EFBC}") = "MarvelWebProject", "MarvelWebProject\MarvelWebProject.csproj", "{A22FEAF8-92EF-477C-9305-F2280B469039}"
EndProject
Global
	GlobalSection(SolutionConfigurationPlatforms) = preSolution
		Debug|Any CPU = Debug|Any CPU
		Release|Any CPU = Release|Any CPU
	EndGlobalSection
	GlobalSection(ProjectConfigurationPlatforms) = postSolution
		{A22FEAF8-92EF-477C-9305-F2280B469039}.Debug|Any CPU.ActiveCfg = Debug|Any CPU
		{A22FEAF8-92EF-477C-9305-F2280B469039}.Debug|Any CPU.Build.0 = Debug|Any CPU
		{A22FEAF8-92EF-477C-9305-F2280B469039}.Release|Any CPU.ActiveCfg = Release|Any CPU
		{A22FEAF8-92EF-477C-9305-F2280B469039}.Release|Any CPU.Build.0 = Release|Any CPU
	EndGlobalSection
	GlobalSection(SolutionProperties) = preSolution
		HideSolutionNode = FALSE
	EndGlobalSection
	GlobalSection(ExtensibilityGlobals) = postSolution
		SolutionGuid = {61DFFF4C-AD40-4CAF-B24B-6A37C85752CF}
	EndGlobalSection
EndGlobal
